
Microsoft Visual Studio Solution File, Format Version 12.00
# Visual Studio Version 17
VisualStudioVersion = 17.4.33213.308
MinimumVisualStudioVersion = 10.0.40219.1
Project("{FAE04EC0-301F-11D3-BF4B-00C04F79EFBC}") = "SendKeys", "SendKeys\SendKeys.csproj", "{7DFE3ED8-C950-4EE4-9ABB-288F486659E6}"
EndProject
Project("{9A19103F-16F7-4668-BE54-9A1E7A4F7556}") = "MuteTeamsApi", "MuteTeamsApi\MuteTeamsApi.csproj", "{87E83551-DF63-456E-A38D-8FD513F82BC2}"
EndProject
Global
	GlobalSection(SolutionConfigurationPlatforms) = preSolution
		Debug|Any CPU = Debug|Any CPU
		Release|Any CPU = Release|Any CPU
	EndGlobalSection
	GlobalSection(ProjectConfigurationPlatforms) = postSolution
		{7DFE3ED8-C950-4EE4-9ABB-288F486659E6}.Debug|Any CPU.ActiveCfg = Debug|Any CPU
		{7DFE3ED8-C950-4EE4-9ABB-288F486659E6}.Debug|Any CPU.Build.0 = Debug|Any CPU
		{7DFE3ED8-C950-4EE4-9ABB-288F486659E6}.Release|Any CPU.ActiveCfg = Release|Any CPU
		{7DFE3ED8-C950-4EE4-9ABB-288F486659E6}.Release|Any CPU.Build.0 = Release|Any CPU
		{87E83551-DF63-456E-A38D-8FD513F82BC2}.Debug|Any CPU.ActiveCfg = Debug|Any CPU
		{87E83551-DF63-456E-A38D-8FD513F82BC2}.Debug|Any CPU.Build.0 = Debug|Any CPU
		{87E83551-DF63-456E-A38D-8FD513F82BC2}.Release|Any CPU.ActiveCfg = Release|Any CPU
		{87E83551-DF63-456E-A38D-8FD513F82BC2}.Release|Any CPU.Build.0 = Release|Any CPU
	EndGlobalSection
	GlobalSection(SolutionProperties) = preSolution
		HideSolutionNode = FALSE
	EndGlobalSection
	GlobalSection(ExtensibilityGlobals) = postSolution
		SolutionGuid = {765EFDDF-8EC6-4C18-B361-2FFCDDA202BE}
	EndGlobalSection
EndGlobal
